# This file is automatically @generated by Cargo.
# It is not intended for manual editing.
version = 3

[[package]]
name = "virt-manager"
version = "0.1.0"
dependencies = [
 "virtinst-core",
]

[[package]]
name = "virtinst-cli"
version = "0.1.0"
dependencies = [
 "virtinst-core",
]

[[package]]
name = "virtinst-core"
version = "0.1.0"
